
Microsoft Visual Studio Solution File, Format Version 12.00
# Visual Studio 15
VisualStudioVersion = 15.0.28307.329
MinimumVisualStudioVersion = 10.0.40219.1
Project("{FAE04EC0-301F-11D3-BF4B-00C04F79EFBC}") = "WebMoviSchool", "WebMoviSchool\WebMoviSchool.csproj", "{CA2F18BA-6FD4-426D-B3A0-8B05A9391265}"
EndProject
Global
	GlobalSection(SolutionConfigurationPlatforms) = preSolution
		Debug|Any CPU = Debug|Any CPU
		Release|Any CPU = Release|Any CPU
	EndGlobalSection
	GlobalSection(ProjectConfigurationPlatforms) = postSolution
		{CA2F18BA-6FD4-426D-B3A0-8B05A9391265}.Debug|Any CPU.ActiveCfg = Debug|Any CPU
		{CA2F18BA-6FD4-426D-B3A0-8B05A9391265}.Debug|Any CPU.Build.0 = Debug|Any CPU
		{CA2F18BA-6FD4-426D-B3A0-8B05A9391265}.Release|Any CPU.ActiveCfg = Release|Any CPU
		{CA2F18BA-6FD4-426D-B3A0-8B05A9391265}.Release|Any CPU.Build.0 = Release|Any CPU
	EndGlobalSection
	GlobalSection(SolutionProperties) = preSolution
		HideSolutionNode = FALSE
	EndGlobalSection
	GlobalSection(ExtensibilityGlobals) = postSolution
		SolutionGuid = {11EA4152-9B46-4691-A036-2107B193166D}
	EndGlobalSection
EndGlobal
